
Microsoft Visual Studio Solution File, Format Version 12.00
# Visual Studio Version 17
VisualStudioVersion = 17.14.36414.22
MinimumVisualStudioVersion = 10.0.40219.1
Project("{2150E333-8FDC-42A3-9474-1A3956D46DE8}") = "Study", "Study", "{98B7406C-1111-4D62-AE75-BC61D9751B31}"
EndProject
Project("{FAE04EC0-301F-11D3-BF4B-00C04F79EFBC}") = "HelloApp1", "HelloApp1\HelloApp1.csproj", "{02C841CC-EBEF-424D-8663-89CDC29EBCBE}"
EndProject
Project("{2150E333-8FDC-42A3-9474-1A3956D46DE8}") = "Task0V0", "Task0V0", "{02EA681E-C7D8-13C7-8484-4AC65E1B71E8}"
EndProject
Project("{FAE04EC0-301F-11D3-BF4B-00C04F79EFBC}") = "Tyuiu.GogolevVM.Sprint6.Task0.V0", "Tyuiu.GogolevVM.Sprint6.Task0.V0\Tyuiu.GogolevVM.Sprint6.Task0.V0.csproj", "{AFFE874B-CE58-44CE-8A50-C5134F204A62}"
EndProject
Project("{FAE04EC0-301F-11D3-BF4B-00C04F79EFBC}") = "Tyuiu.GogolevVM.Sprint6.Task0.V0.Test", "Tyuiu.GogolevVM.Sprint6.Task0.V0.Test\Tyuiu.GogolevVM.Sprint6.Task0.V0.Test.csproj", "{04A43F9B-2C90-4108-AC86-1ABB19A316FF}"
EndProject
Project("{FAE04EC0-301F-11D3-BF4B-00C04F79EFBC}") = "Tyuiu.GogolevVM.Sprint6.Task0.V0.Lib", "Tyuiu.GogolevVM.Sprint6.Task0.V0.Lib\Tyuiu.GogolevVM.Sprint6.Task0.V0.Lib.csproj", "{9C9B3C59-F827-435A-8DA5-E6E95D1B8875}"
EndProject
Project("{2150E333-8FDC-42A3-9474-1A3956D46DE8}") = "Task0V22", "Task0V22", "{2C4BBEF1-40A1-4BF4-AE8B-7A7385D1A5A7}"
EndProject
Project("{FAE04EC0-301F-11D3-BF4B-00C04F79EFBC}") = "Tyuiu.GogolevVM.Sprint6.Task0.V22", "Tyuiu.GogolevVM.Sprint6.Task0.V22\Tyuiu.GogolevVM.Sprint6.Task0.V22.csproj", "{ADA15D9C-D0F3-4B97-81FB-6CC0A79286C1}"
EndProject
Project("{FAE04EC0-301F-11D3-BF4B-00C04F79EFBC}") = "Tyuiu.GogolevVM.Sprint6.Task0.V22.Lib", "Tyuiu.GogolevVM.Sprint6.Task0.V22.Lib\Tyuiu.GogolevVM.Sprint6.Task0.V22.Lib.csproj", "{8415B5E4-F6F8-419E-8D14-FEDA225084AD}"
EndProject
Project("{FAE04EC0-301F-11D3-BF4B-00C04F79EFBC}") = "Tyuiu.GogolevVM.Sprint6.Task0.V22.Test", "Tyuiu.GogolevVM.Sprint6.Task0.V22.Test\Tyuiu.GogolevVM.Sprint6.Task0.V22.Test.csproj", "{9ADD28CB-AAE8-46F6-A1B7-57958916727B}"
EndProject
Project("{2150E333-8FDC-42A3-9474-1A3956D46DE8}") = "Task1V0", "Task1V0", "{DD2D8FD6-63A1-402E-8657-672266FF8A9D}"
EndProject
Project("{FAE04EC0-301F-11D3-BF4B-00C04F79EFBC}") = "Tyuiu.GogolevVM.Sprint6.Task1.V0", "Tyuiu.GogolevVM.Sprint6.Task1.V0\Tyuiu.GogolevVM.Sprint6.Task1.V0.csproj", "{49B05535-B715-448C-8DF0-CBB343A34DFB}"
EndProject
Project("{FAE04EC0-301F-11D3-BF4B-00C04F79EFBC}") = "Tyuiu.GogolevVM.Sprint6.Task1.V0.Lib", "Tyuiu.GogolevVM.Sprint6.Task1.V0.Lib\Tyuiu.GogolevVM.Sprint6.Task1.V0.Lib.csproj", "{2B7927FF-0168-4606-A19C-62A666158E7B}"
EndProject
Project("{FAE04EC0-301F-11D3-BF4B-00C04F79EFBC}") = "Tyuiu.GogolevVM.Sprint6.Task1.V0.Test", "Tyuiu.GogolevVM.Sprint6.Task1.V0.Test\Tyuiu.GogolevVM.Sprint6.Task1.V0.Test.csproj", "{62295217-81B9-4CFC-91BE-EFBC7AE9EFF1}"
EndProject
Project("{2150E333-8FDC-42A3-9474-1A3956D46DE8}") = "Task1V25", "Task1V25", "{2E036B60-BA0A-4954-91BE-8138C2F37EC6}"
EndProject
Project("{FAE04EC0-301F-11D3-BF4B-00C04F79EFBC}") = "Tyuiu.GogolevVM.Sprint6.Task1.V25", "Tyuiu.GogolevVM.Sprint6.Task1.V25\Tyuiu.GogolevVM.Sprint6.Task1.V25.csproj", "{97157A51-A3EE-4BEF-8B50-09DB3618FACA}"
EndProject
Project("{FAE04EC0-301F-11D3-BF4B-00C04F79EFBC}") = "Tyuiu.GogolevVM.Sprint6.Task1.V25.Lib", "Tyuiu.GogolevVM.Sprint6.Task1.V25.Lib\Tyuiu.GogolevVM.Sprint6.Task1.V25.Lib.csproj", "{EBA6585E-7AA3-4B74-B1B7-067F904EDEE1}"
EndProject
Project("{FAE04EC0-301F-11D3-BF4B-00C04F79EFBC}") = "Tyuiu.GogolevVM.Sprint6.Task1.V25.Test", "Tyuiu.GogolevVM.Sprint6.Task1.V25.Test\Tyuiu.GogolevVM.Sprint6.Task1.V25.Test.csproj", "{427E2DBB-7E6A-4108-B88E-F4BFF95A9DBD}"
EndProject
Project("{2150E333-8FDC-42A3-9474-1A3956D46DE8}") = "Task2V0", "Task2V0", "{C437BA38-AE87-40E0-954F-5B1BED8023F5}"
EndProject
Project("{FAE04EC0-301F-11D3-BF4B-00C04F79EFBC}") = "Tyuiu.GogolevVM.Sprint6.Task2.V0", "Tyuiu.GogolevVM.Sprint6.Task2.V0\Tyuiu.GogolevVM.Sprint6.Task2.V0.csproj", "{DD424AF0-D3DA-4EDE-93A7-C07DEDFE0A25}"
EndProject
Project("{FAE04EC0-301F-11D3-BF4B-00C04F79EFBC}") = "Tyuiu.GogolevVM.SPrint6.Task2.V0.Lib", "Tyuiu.GogolevVM.SPrint6.Task2.V0.Lib\Tyuiu.GogolevVM.SPrint6.Task2.V0.Lib.csproj", "{FFB7B8A6-B71F-4A00-8961-BC23B380D2B0}"
EndProject
Project("{FAE04EC0-301F-11D3-BF4B-00C04F79EFBC}") = "Tyuiu.GogolevVM.Sprint6.Task2.V0.Test", "Tyuiu.GogolevVM.Sprint6.Task2.V0.Test\Tyuiu.GogolevVM.Sprint6.Task2.V0.Test.csproj", "{54E02201-B2FE-4483-B7E0-44AA577E552C}"
EndProject
Project("{2150E333-8FDC-42A3-9474-1A3956D46DE8}") = "Task2V29", "Task2V29", "{58659FBF-5ABD-4D53-BCBA-C9C68D362E56}"
EndProject
Project("{FAE04EC0-301F-11D3-BF4B-00C04F79EFBC}") = "Tyuiu.GogolevVM.Sprint6.Task2.V29", "Tyuiu.GogolevVM.Sprint6.Task2.V29\Tyuiu.GogolevVM.Sprint6.Task2.V29.csproj", "{D5664849-5F78-4189-88A9-F9FE244EFD12}"
EndProject
Project("{FAE04EC0-301F-11D3-BF4B-00C04F79EFBC}") = "Tyuiu.GogolevVM.Sprint6.Task2.V29.Lib", "Tyuiu.GogolevVM.Sprint6.Task2.V29.Lib\Tyuiu.GogolevVM.Sprint6.Task2.V29.Lib.csproj", "{5241824F-384F-4742-8D27-AEA9EB665231}"
EndProject
Project("{FAE04EC0-301F-11D3-BF4B-00C04F79EFBC}") = "Tyuiu.GogolevVM.Sprint6.Task2.V29.Test", "Tyuiu.GogolevVM.Sprint6.Task2.V29.Test\Tyuiu.GogolevVM.Sprint6.Task2.V29.Test.csproj", "{C63BC167-5500-4E80-AEE7-2F838D9A4F0E}"
EndProject
Project("{2150E333-8FDC-42A3-9474-1A3956D46DE8}") = "Task3V0", "Task3V0", "{33FAA592-F0FB-46F0-B8AF-0137EEA8261F}"
EndProject
Project("{FAE04EC0-301F-11D3-BF4B-00C04F79EFBC}") = "Tyuiu.GogolevVM.Sprint6.Task3.V0", "Tyuiu.GogolevVM.Sprint6.Task3.V0\Tyuiu.GogolevVM.Sprint6.Task3.V0.csproj", "{EB75D93A-BEC2-4B98-91BD-E244647BB1CC}"
EndProject
Project("{FAE04EC0-301F-11D3-BF4B-00C04F79EFBC}") = "Tyuiu.GogolevVM.Sprint6.Task3.V0.Lib", "Tyuiu.GogolevVM.Sprint6.Task3.V0.Lib\Tyuiu.GogolevVM.Sprint6.Task3.V0.Lib.csproj", "{1FB02B0A-C31C-4987-BD09-0572FCEC8AE0}"
EndProject
Project("{FAE04EC0-301F-11D3-BF4B-00C04F79EFBC}") = "Tyuiu.GogolevVM.Sprint6.Task3.V0.Test", "Tyuiu.GogolevVM.Sprint6.Task3.V0.Test\Tyuiu.GogolevVM.Sprint6.Task3.V0.Test.csproj", "{125EE8F8-07FB-4E70-B530-FD31082D6631}"
EndProject
Project("{2150E333-8FDC-42A3-9474-1A3956D46DE8}") = "Task3V24", "Task3V24", "{83052D8D-1440-4A94-B325-9D980DCB7EA7}"
EndProject
Project("{FAE04EC0-301F-11D3-BF4B-00C04F79EFBC}") = "Tyuiu.GogolevVM.Sprint6.Task3.V24", "Tyuiu.GogolevVM.Sprint6.Task3.V24\Tyuiu.GogolevVM.Sprint6.Task3.V24.csproj", "{5E7CB46B-E1A0-459E-99AD-F055185777C9}"
EndProject
Project("{FAE04EC0-301F-11D3-BF4B-00C04F79EFBC}") = "Tyuiu.GogolevVM.Sprint6.Task3.V24.Lib", "Tyuiu.GogolevVM.Sprint6.Task3.V24.Lib\Tyuiu.GogolevVM.Sprint6.Task3.V24.Lib.csproj", "{FFD23741-9483-4CC9-B434-784AEA8B6C48}"
EndProject
Project("{FAE04EC0-301F-11D3-BF4B-00C04F79EFBC}") = "Tyuiu.GogolevVM.Sprint6.Task3.V24.Test", "Tyuiu.GogolevVM.Sprint6.Task3.V24.Test\Tyuiu.GogolevVM.Sprint6.Task3.V24.Test.csproj", "{F9223491-EF8E-4CA1-9028-888CF1DDF2D4}"
EndProject
Project("{2150E333-8FDC-42A3-9474-1A3956D46DE8}") = "Task4V0", "Task4V0", "{503F00DC-77B6-43AA-AF72-A62C63219548}"
EndProject
Project("{FAE04EC0-301F-11D3-BF4B-00C04F79EFBC}") = "Tyuiu.GogolevVM.Sprint6.Task4.V0", "Tyuiu.GogolevVM.Sprint6.Task4.V0\Tyuiu.GogolevVM.Sprint6.Task4.V0.csproj", "{367F60F6-E769-4B77-9B85-7AD7C69E4C93}"
EndProject
Project("{FAE04EC0-301F-11D3-BF4B-00C04F79EFBC}") = "Tyuiu.GogolevVM.Sprint6.Task4.V0.Lib", "Tyuiu.GogolevVM.Sprint6.Task4.V0.Lib\Tyuiu.GogolevVM.Sprint6.Task4.V0.Lib.csproj", "{CF89EEF4-816D-4789-BB7B-C7BBB00F647A}"
EndProject
Project("{FAE04EC0-301F-11D3-BF4B-00C04F79EFBC}") = "Tyuiu.GogolevVM.Sprint6.Task4.V0.Test", "Tyuiu.GogolevVM.Sprint6.Task4.V0.Test\Tyuiu.GogolevVM.Sprint6.Task4.V0.Test.csproj", "{400B8BE4-0FCE-405B-ABE4-6E29BBCCD315}"
EndProject
Project("{2150E333-8FDC-42A3-9474-1A3956D46DE8}") = "Task4V7", "Task4V7", "{309D0CD1-5921-4A82-AA61-B94622E81395}"
EndProject
Project("{FAE04EC0-301F-11D3-BF4B-00C04F79EFBC}") = "Tyuiu.GogolevVM.Sprint6.Task4.V7", "Tyuiu.GogolevVM.Sprint6.Task4.V7\Tyuiu.GogolevVM.Sprint6.Task4.V7.csproj", "{64A3CFCF-3910-4F1D-B53E-B9765A4FF040}"
EndProject
Project("{FAE04EC0-301F-11D3-BF4B-00C04F79EFBC}") = "Tyuiu.GogolevVM.Sprint6.Task4.V7.Lib", "Tyuiu.GogolevVM.Sprint6.Task4.V7.Lib\Tyuiu.GogolevVM.Sprint6.Task4.V7.Lib.csproj", "{EEAF53B8-C1BF-4DAD-8105-54D7CBD91949}"
EndProject
Project("{FAE04EC0-301F-11D3-BF4B-00C04F79EFBC}") = "Tyuiu.GogolevVM.Sprint6.Task4.V7.Test", "Tyuiu.GogolevVM.Sprint6.Task4.V7.Test\Tyuiu.GogolevVM.Sprint6.Task4.V7.Test.csproj", "{713D4802-013B-4F81-9569-3DE7456AD403}"
EndProject
Project("{2150E333-8FDC-42A3-9474-1A3956D46DE8}") = "Task5V0", "Task5V0", "{4A21F242-E7B1-4CCB-901E-8DE69D9C1150}"
EndProject
Project("{FAE04EC0-301F-11D3-BF4B-00C04F79EFBC}") = "Tyuiu.GogolevVM.Sprint6.Task5.V0", "Tyuiu.GogolevVM.Sprint6.Task5.V0\Tyuiu.GogolevVM.Sprint6.Task5.V0.csproj", "{AFC0C28A-4D5F-45A9-AF8F-14F6D0E7821E}"
EndProject
Project("{FAE04EC0-301F-11D3-BF4B-00C04F79EFBC}") = "Tyuiu.GogolevVM.Sprint6.Task5.V0.Lib", "Tyuiu.GogolevVM.Sprint6.Task5.V0.Lib\Tyuiu.GogolevVM.Sprint6.Task5.V0.Lib.csproj", "{851B068A-127C-4B35-8CF1-0AE942F96C91}"
EndProject
Project("{FAE04EC0-301F-11D3-BF4B-00C04F79EFBC}") = "Tyuiu.GogolevVM.Sprint6.Task5.V0.Test", "Tyuiu.GogolevVM.Sprint6.Task5.V0.Test\Tyuiu.GogolevVM.Sprint6.Task5.V0.Test.csproj", "{F6F3F904-C6BB-42FF-B6D9-7D0971A56C5B}"
EndProject
Project("{2150E333-8FDC-42A3-9474-1A3956D46DE8}") = "Task5V18", "Task5V18", "{3ABB4614-CACD-4AA6-B1B0-5A6A02E7EA5C}"
EndProject
Project("{FAE04EC0-301F-11D3-BF4B-00C04F79EFBC}") = "Tyuiu.GogolevVM.Sprint6.Task5.V18", "Tyuiu.GogolevVM.Sprint6.Task5.V18\Tyuiu.GogolevVM.Sprint6.Task5.V18.csproj", "{330C969B-260C-48D5-B743-4CBADE86F938}"
EndProject
Project("{FAE04EC0-301F-11D3-BF4B-00C04F79EFBC}") = "Tyuiu.GogolevVM.Sprint6.Task5.V18.Lib", "Tyuiu.GogolevVM.Sprint6.Task5.V18.Lib\Tyuiu.GogolevVM.Sprint6.Task5.V18.Lib.csproj", "{5735FF6F-4C32-4655-86B8-81688CDAFF2D}"
EndProject
Project("{FAE04EC0-301F-11D3-BF4B-00C04F79EFBC}") = "Tyuiu.GogolevVM.Sprint6.Task5.V18.Test", "Tyuiu.GogolevVM.Sprint6.Task5.V18.Test\Tyuiu.GogolevVM.Sprint6.Task5.V18.Test.csproj", "{71D99FD1-1745-4487-9954-E35E97651984}"
EndProject
Global
	GlobalSection(SolutionConfigurationPlatforms) = preSolution
		Debug|Any CPU = Debug|Any CPU
		Release|Any CPU = Release|Any CPU
	EndGlobalSection
	GlobalSection(ProjectConfigurationPlatforms) = postSolution
		{02C841CC-EBEF-424D-8663-89CDC29EBCBE}.Debug|Any CPU.ActiveCfg = Debug|Any CPU
		{02C841CC-EBEF-424D-8663-89CDC29EBCBE}.Debug|Any CPU.Build.0 = Debug|Any CPU
		{02C841CC-EBEF-424D-8663-89CDC29EBCBE}.Release|Any CPU.ActiveCfg = Release|Any CPU
		{02C841CC-EBEF-424D-8663-89CDC29EBCBE}.Release|Any CPU.Build.0 = Release|Any CPU
		{AFFE874B-CE58-44CE-8A50-C5134F204A62}.Debug|Any CPU.ActiveCfg = Debug|Any CPU
		{AFFE874B-CE58-44CE-8A50-C5134F204A62}.Debug|Any CPU.Build.0 = Debug|Any CPU
		{AFFE874B-CE58-44CE-8A50-C5134F204A62}.Release|Any CPU.ActiveCfg = Release|Any CPU
		{AFFE874B-CE58-44CE-8A50-C5134F204A62}.Release|Any CPU.Build.0 = Release|Any CPU
		{04A43F9B-2C90-4108-AC86-1ABB19A316FF}.Debug|Any CPU.ActiveCfg = Debug|Any CPU
		{04A43F9B-2C90-4108-AC86-1ABB19A316FF}.Debug|Any CPU.Build.0 = Debug|Any CPU
		{04A43F9B-2C90-4108-AC86-1ABB19A316FF}.Release|Any CPU.ActiveCfg = Release|Any CPU
		{04A43F9B-2C90-4108-AC86-1ABB19A316FF}.Release|Any CPU.Build.0 = Release|Any CPU
		{9C9B3C59-F827-435A-8DA5-E6E95D1B8875}.Debug|Any CPU.ActiveCfg = Debug|Any CPU
		{9C9B3C59-F827-435A-8DA5-E6E95D1B8875}.Debug|Any CPU.Build.0 = Debug|Any CPU
		{9C9B3C59-F827-435A-8DA5-E6E95D1B8875}.Release|Any CPU.ActiveCfg = Release|Any CPU
		{9C9B3C59-F827-435A-8DA5-E6E95D1B8875}.Release|Any CPU.Build.0 = Release|Any CPU
		{ADA15D9C-D0F3-4B97-81FB-6CC0A79286C1}.Debug|Any CPU.ActiveCfg = Debug|Any CPU
		{ADA15D9C-D0F3-4B97-81FB-6CC0A79286C1}.Debug|Any CPU.Build.0 = Debug|Any CPU
		{ADA15D9C-D0F3-4B97-81FB-6CC0A79286C1}.Release|Any CPU.ActiveCfg = Release|Any CPU
		{ADA15D9C-D0F3-4B97-81FB-6CC0A79286C1}.Release|Any CPU.Build.0 = Release|Any CPU
		{8415B5E4-F6F8-419E-8D14-FEDA225084AD}.Debug|Any CPU.ActiveCfg = Debug|Any CPU
		{8415B5E4-F6F8-419E-8D14-FEDA225084AD}.Debug|Any CPU.Build.0 = Debug|Any CPU
		{8415B5E4-F6F8-419E-8D14-FEDA225084AD}.Release|Any CPU.ActiveCfg = Release|Any CPU
		{8415B5E4-F6F8-419E-8D14-FEDA225084AD}.Release|Any CPU.Build.0 = Release|Any CPU
		{9ADD28CB-AAE8-46F6-A1B7-57958916727B}.Debug|Any CPU.ActiveCfg = Debug|Any CPU
		{9ADD28CB-AAE8-46F6-A1B7-57958916727B}.Debug|Any CPU.Build.0 = Debug|Any CPU
		{9ADD28CB-AAE8-46F6-A1B7-57958916727B}.Release|Any CPU.ActiveCfg = Release|Any CPU
		{9ADD28CB-AAE8-46F6-A1B7-57958916727B}.Release|Any CPU.Build.0 = Release|Any CPU
		{49B05535-B715-448C-8DF0-CBB343A34DFB}.Debug|Any CPU.ActiveCfg = Debug|Any CPU
		{49B05535-B715-448C-8DF0-CBB343A34DFB}.Debug|Any CPU.Build.0 = Debug|Any CPU
		{49B05535-B715-448C-8DF0-CBB343A34DFB}.Release|Any CPU.ActiveCfg = Release|Any CPU
		{49B05535-B715-448C-8DF0-CBB343A34DFB}.Release|Any CPU.Build.0 = Release|Any CPU
		{2B7927FF-0168-4606-A19C-62A666158E7B}.Debug|Any CPU.ActiveCfg = Debug|Any CPU
		{2B7927FF-0168-4606-A19C-62A666158E7B}.Debug|Any CPU.Build.0 = Debug|Any CPU
		{2B7927FF-0168-4606-A19C-62A666158E7B}.Release|Any CPU.ActiveCfg = Release|Any CPU
		{2B7927FF-0168-4606-A19C-62A666158E7B}.Release|Any CPU.Build.0 = Release|Any CPU
		{62295217-81B9-4CFC-91BE-EFBC7AE9EFF1}.Debug|Any CPU.ActiveCfg = Debug|Any CPU
		{62295217-81B9-4CFC-91BE-EFBC7AE9EFF1}.Debug|Any CPU.Build.0 = Debug|Any CPU
		{62295217-81B9-4CFC-91BE-EFBC7AE9EFF1}.Release|Any CPU.ActiveCfg = Release|Any CPU
		{62295217-81B9-4CFC-91BE-EFBC7AE9EFF1}.Release|Any CPU.Build.0 = Release|Any CPU
		{97157A51-A3EE-4BEF-8B50-09DB3618FACA}.Debug|Any CPU.ActiveCfg = Debug|Any CPU
		{97157A51-A3EE-4BEF-8B50-09DB3618FACA}.Debug|Any CPU.Build.0 = Debug|Any CPU
		{97157A51-A3EE-4BEF-8B50-09DB3618FACA}.Release|Any CPU.ActiveCfg = Release|Any CPU
		{97157A51-A3EE-4BEF-8B50-09DB3618FACA}.Release|Any CPU.Build.0 = Release|Any CPU
		{EBA6585E-7AA3-4B74-B1B7-067F904EDEE1}.Debug|Any CPU.ActiveCfg = Debug|Any CPU
		{EBA6585E-7AA3-4B74-B1B7-067F904EDEE1}.Debug|Any CPU.Build.0 = Debug|Any CPU
		{EBA6585E-7AA3-4B74-B1B7-067F904EDEE1}.Release|Any CPU.ActiveCfg = Release|Any CPU
		{EBA6585E-7AA3-4B74-B1B7-067F904EDEE1}.Release|Any CPU.Build.0 = Release|Any CPU
		{427E2DBB-7E6A-4108-B88E-F4BFF95A9DBD}.Debug|Any CPU.ActiveCfg = Debug|Any CPU
		{427E2DBB-7E6A-4108-B88E-F4BFF95A9DBD}.Debug|Any CPU.Build.0 = Debug|Any CPU
		{427E2DBB-7E6A-4108-B88E-F4BFF95A9DBD}.Release|Any CPU.ActiveCfg = Release|Any CPU
		{427E2DBB-7E6A-4108-B88E-F4BFF95A9DBD}.Release|Any CPU.Build.0 = Release|Any CPU
		{DD424AF0-D3DA-4EDE-93A7-C07DEDFE0A25}.Debug|Any CPU.ActiveCfg = Debug|Any CPU
		{DD424AF0-D3DA-4EDE-93A7-C07DEDFE0A25}.Debug|Any CPU.Build.0 = Debug|Any CPU
		{DD424AF0-D3DA-4EDE-93A7-C07DEDFE0A25}.Release|Any CPU.ActiveCfg = Release|Any CPU
		{DD424AF0-D3DA-4EDE-93A7-C07DEDFE0A25}.Release|Any CPU.Build.0 = Release|Any CPU
		{FFB7B8A6-B71F-4A00-8961-BC23B380D2B0}.Debug|Any CPU.ActiveCfg = Debug|Any CPU
		{FFB7B8A6-B71F-4A00-8961-BC23B380D2B0}.Debug|Any CPU.Build.0 = Debug|Any CPU
		{FFB7B8A6-B71F-4A00-8961-BC23B380D2B0}.Release|Any CPU.ActiveCfg = Release|Any CPU
		{FFB7B8A6-B71F-4A00-8961-BC23B380D2B0}.Release|Any CPU.Build.0 = Release|Any CPU
		{54E02201-B2FE-4483-B7E0-44AA577E552C}.Debug|Any CPU.ActiveCfg = Debug|Any CPU
		{54E02201-B2FE-4483-B7E0-44AA577E552C}.Debug|Any CPU.Build.0 = Debug|Any CPU
		{54E02201-B2FE-4483-B7E0-44AA577E552C}.Release|Any CPU.ActiveCfg = Release|Any CPU
		{54E02201-B2FE-4483-B7E0-44AA577E552C}.Release|Any CPU.Build.0 = Release|Any CPU
		{D5664849-5F78-4189-88A9-F9FE244EFD12}.Debug|Any CPU.ActiveCfg = Debug|Any CPU
		{D5664849-5F78-4189-88A9-F9FE244EFD12}.Debug|Any CPU.Build.0 = Debug|Any CPU
		{D5664849-5F78-4189-88A9-F9FE244EFD12}.Release|Any CPU.ActiveCfg = Release|Any CPU
		{D5664849-5F78-4189-88A9-F9FE244EFD12}.Release|Any CPU.Build.0 = Release|Any CPU
		{5241824F-384F-4742-8D27-AEA9EB665231}.Debug|Any CPU.ActiveCfg = Debug|Any CPU
		{5241824F-384F-4742-8D27-AEA9EB665231}.Debug|Any CPU.Build.0 = Debug|Any CPU
		{5241824F-384F-4742-8D27-AEA9EB665231}.Release|Any CPU.ActiveCfg = Release|Any CPU
		{5241824F-384F-4742-8D27-AEA9EB665231}.Release|Any CPU.Build.0 = Release|Any CPU
		{C63BC167-5500-4E80-AEE7-2F838D9A4F0E}.Debug|Any CPU.ActiveCfg = Debug|Any CPU
		{C63BC167-5500-4E80-AEE7-2F838D9A4F0E}.Debug|Any CPU.Build.0 = Debug|Any CPU
		{C63BC167-5500-4E80-AEE7-2F838D9A4F0E}.Release|Any CPU.ActiveCfg = Release|Any CPU
		{C63BC167-5500-4E80-AEE7-2F838D9A4F0E}.Release|Any CPU.Build.0 = Release|Any CPU
		{EB75D93A-BEC2-4B98-91BD-E244647BB1CC}.Debug|Any CPU.ActiveCfg = Debug|Any CPU
		{EB75D93A-BEC2-4B98-91BD-E244647BB1CC}.Debug|Any CPU.Build.0 = Debug|Any CPU
		{EB75D93A-BEC2-4B98-91BD-E244647BB1CC}.Release|Any CPU.ActiveCfg = Release|Any CPU
		{EB75D93A-BEC2-4B98-91BD-E244647BB1CC}.Release|Any CPU.Build.0 = Release|Any CPU
		{1FB02B0A-C31C-4987-BD09-0572FCEC8AE0}.Debug|Any CPU.ActiveCfg = Debug|Any CPU
		{1FB02B0A-C31C-4987-BD09-0572FCEC8AE0}.Debug|Any CPU.Build.0 = Debug|Any CPU
		{1FB02B0A-C31C-4987-BD09-0572FCEC8AE0}.Release|Any CPU.ActiveCfg = Release|Any CPU
		{1FB02B0A-C31C-4987-BD09-0572FCEC8AE0}.Release|Any CPU.Build.0 = Release|Any CPU
		{125EE8F8-07FB-4E70-B530-FD31082D6631}.Debug|Any CPU.ActiveCfg = Debug|Any CPU
		{125EE8F8-07FB-4E70-B530-FD31082D6631}.Debug|Any CPU.Build.0 = Debug|Any CPU
		{125EE8F8-07FB-4E70-B530-FD31082D6631}.Release|Any CPU.ActiveCfg = Release|Any CPU
		{125EE8F8-07FB-4E70-B530-FD31082D6631}.Release|Any CPU.Build.0 = Release|Any CPU
		{5E7CB46B-E1A0-459E-99AD-F055185777C9}.Debug|Any CPU.ActiveCfg = Debug|Any CPU
		{5E7CB46B-E1A0-459E-99AD-F055185777C9}.Debug|Any CPU.Build.0 = Debug|Any CPU
		{5E7CB46B-E1A0-459E-99AD-F055185777C9}.Release|Any CPU.ActiveCfg = Release|Any CPU
		{5E7CB46B-E1A0-459E-99AD-F055185777C9}.Release|Any CPU.Build.0 = Release|Any CPU
		{FFD23741-9483-4CC9-B434-784AEA8B6C48}.Debug|Any CPU.ActiveCfg = Debug|Any CPU
		{FFD23741-9483-4CC9-B434-784AEA8B6C48}.Debug|Any CPU.Build.0 = Debug|Any CPU
		{FFD23741-9483-4CC9-B434-784AEA8B6C48}.Release|Any CPU.ActiveCfg = Release|Any CPU
		{FFD23741-9483-4CC9-B434-784AEA8B6C48}.Release|Any CPU.Build.0 = Release|Any CPU
		{F9223491-EF8E-4CA1-9028-888CF1DDF2D4}.Debug|Any CPU.ActiveCfg = Debug|Any CPU
		{F9223491-EF8E-4CA1-9028-888CF1DDF2D4}.Debug|Any CPU.Build.0 = Debug|Any CPU
		{F9223491-EF8E-4CA1-9028-888CF1DDF2D4}.Release|Any CPU.ActiveCfg = Release|Any CPU
		{F9223491-EF8E-4CA1-9028-888CF1DDF2D4}.Release|Any CPU.Build.0 = Release|Any CPU
		{367F60F6-E769-4B77-9B85-7AD7C69E4C93}.Debug|Any CPU.ActiveCfg = Debug|Any CPU
		{367F60F6-E769-4B77-9B85-7AD7C69E4C93}.Debug|Any CPU.Build.0 = Debug|Any CPU
		{367F60F6-E769-4B77-9B85-7AD7C69E4C93}.Release|Any CPU.ActiveCfg = Release|Any CPU
		{367F60F6-E769-4B77-9B85-7AD7C69E4C93}.Release|Any CPU.Build.0 = Release|Any CPU
		{CF89EEF4-816D-4789-BB7B-C7BBB00F647A}.Debug|Any CPU.ActiveCfg = Debug|Any CPU
		{CF89EEF4-816D-4789-BB7B-C7BBB00F647A}.Debug|Any CPU.Build.0 = Debug|Any CPU
		{CF89EEF4-816D-4789-BB7B-C7BBB00F647A}.Release|Any CPU.ActiveCfg = Release|Any CPU
		{CF89EEF4-816D-4789-BB7B-C7BBB00F647A}.Release|Any CPU.Build.0 = Release|Any CPU
		{400B8BE4-0FCE-405B-ABE4-6E29BBCCD315}.Debug|Any CPU.ActiveCfg = Debug|Any CPU
		{400B8BE4-0FCE-405B-ABE4-6E29BBCCD315}.Debug|Any CPU.Build.0 = Debug|Any CPU
		{400B8BE4-0FCE-405B-ABE4-6E29BBCCD315}.Release|Any CPU.ActiveCfg = Release|Any CPU
		{400B8BE4-0FCE-405B-ABE4-6E29BBCCD315}.Release|Any CPU.Build.0 = Release|Any CPU
		{64A3CFCF-3910-4F1D-B53E-B9765A4FF040}.Debug|Any CPU.ActiveCfg = Debug|Any CPU
		{64A3CFCF-3910-4F1D-B53E-B9765A4FF040}.Debug|Any CPU.Build.0 = Debug|Any CPU
		{64A3CFCF-3910-4F1D-B53E-B9765A4FF040}.Release|Any CPU.ActiveCfg = Release|Any CPU
		{64A3CFCF-3910-4F1D-B53E-B9765A4FF040}.Release|Any CPU.Build.0 = Release|Any CPU
		{EEAF53B8-C1BF-4DAD-8105-54D7CBD91949}.Debug|Any CPU.ActiveCfg = Debug|Any CPU
		{EEAF53B8-C1BF-4DAD-8105-54D7CBD91949}.Debug|Any CPU.Build.0 = Debug|Any CPU
		{EEAF53B8-C1BF-4DAD-8105-54D7CBD91949}.Release|Any CPU.ActiveCfg = Release|Any CPU
		{EEAF53B8-C1BF-4DAD-8105-54D7CBD91949}.Release|Any CPU.Build.0 = Release|Any CPU
		{713D4802-013B-4F81-9569-3DE7456AD403}.Debug|Any CPU.ActiveCfg = Debug|Any CPU
		{713D4802-013B-4F81-9569-3DE7456AD403}.Debug|Any CPU.Build.0 = Debug|Any CPU
		{713D4802-013B-4F81-9569-3DE7456AD403}.Release|Any CPU.ActiveCfg = Release|Any CPU
		{713D4802-013B-4F81-9569-3DE7456AD403}.Release|Any CPU.Build.0 = Release|Any CPU
		{AFC0C28A-4D5F-45A9-AF8F-14F6D0E7821E}.Debug|Any CPU.ActiveCfg = Debug|Any CPU
		{AFC0C28A-4D5F-45A9-AF8F-14F6D0E7821E}.Debug|Any CPU.Build.0 = Debug|Any CPU
		{AFC0C28A-4D5F-45A9-AF8F-14F6D0E7821E}.Release|Any CPU.ActiveCfg = Release|Any CPU
		{AFC0C28A-4D5F-45A9-AF8F-14F6D0E7821E}.Release|Any CPU.Build.0 = Release|Any CPU
		{851B068A-127C-4B35-8CF1-0AE942F96C91}.Debug|Any CPU.ActiveCfg = Debug|Any CPU
		{851B068A-127C-4B35-8CF1-0AE942F96C91}.Debug|Any CPU.Build.0 = Debug|Any CPU
		{851B068A-127C-4B35-8CF1-0AE942F96C91}.Release|Any CPU.ActiveCfg = Release|Any CPU
		{851B068A-127C-4B35-8CF1-0AE942F96C91}.Release|Any CPU.Build.0 = Release|Any CPU
		{F6F3F904-C6BB-42FF-B6D9-7D0971A56C5B}.Debug|Any CPU.ActiveCfg = Debug|Any CPU
		{F6F3F904-C6BB-42FF-B6D9-7D0971A56C5B}.Debug|Any CPU.Build.0 = Debug|Any CPU
		{F6F3F904-C6BB-42FF-B6D9-7D0971A56C5B}.Release|Any CPU.ActiveCfg = Release|Any CPU
		{F6F3F904-C6BB-42FF-B6D9-7D0971A56C5B}.Release|Any CPU.Build.0 = Release|Any CPU
		{330C969B-260C-48D5-B743-4CBADE86F938}.Debug|Any CPU.ActiveCfg = Debug|Any CPU
		{330C969B-260C-48D5-B743-4CBADE86F938}.Debug|Any CPU.Build.0 = Debug|Any CPU
		{330C969B-260C-48D5-B743-4CBADE86F938}.Release|Any CPU.ActiveCfg = Release|Any CPU
		{330C969B-260C-48D5-B743-4CBADE86F938}.Release|Any CPU.Build.0 = Release|Any CPU
		{5735FF6F-4C32-4655-86B8-81688CDAFF2D}.Debug|Any CPU.ActiveCfg = Debug|Any CPU
		{5735FF6F-4C32-4655-86B8-81688CDAFF2D}.Debug|Any CPU.Build.0 = Debug|Any CPU
		{5735FF6F-4C32-4655-86B8-81688CDAFF2D}.Release|Any CPU.ActiveCfg = Release|Any CPU
		{5735FF6F-4C32-4655-86B8-81688CDAFF2D}.Release|Any CPU.Build.0 = Release|Any CPU
		{71D99FD1-1745-4487-9954-E35E97651984}.Debug|Any CPU.ActiveCfg = Debug|Any CPU
		{71D99FD1-1745-4487-9954-E35E97651984}.Debug|Any CPU.Build.0 = Debug|Any CPU
		{71D99FD1-1745-4487-9954-E35E97651984}.Release|Any CPU.ActiveCfg = Release|Any CPU
		{71D99FD1-1745-4487-9954-E35E97651984}.Release|Any CPU.Build.0 = Release|Any CPU
	EndGlobalSection
	GlobalSection(SolutionProperties) = preSolution
		HideSolutionNode = FALSE
	EndGlobalSection
	GlobalSection(NestedProjects) = preSolution
		{02C841CC-EBEF-424D-8663-89CDC29EBCBE} = {98B7406C-1111-4D62-AE75-BC61D9751B31}
		{AFFE874B-CE58-44CE-8A50-C5134F204A62} = {02EA681E-C7D8-13C7-8484-4AC65E1B71E8}
		{04A43F9B-2C90-4108-AC86-1ABB19A316FF} = {02EA681E-C7D8-13C7-8484-4AC65E1B71E8}
		{9C9B3C59-F827-435A-8DA5-E6E95D1B8875} = {02EA681E-C7D8-13C7-8484-4AC65E1B71E8}
		{ADA15D9C-D0F3-4B97-81FB-6CC0A79286C1} = {2C4BBEF1-40A1-4BF4-AE8B-7A7385D1A5A7}
		{8415B5E4-F6F8-419E-8D14-FEDA225084AD} = {2C4BBEF1-40A1-4BF4-AE8B-7A7385D1A5A7}
		{9ADD28CB-AAE8-46F6-A1B7-57958916727B} = {2C4BBEF1-40A1-4BF4-AE8B-7A7385D1A5A7}
		{49B05535-B715-448C-8DF0-CBB343A34DFB} = {DD2D8FD6-63A1-402E-8657-672266FF8A9D}
		{2B7927FF-0168-4606-A19C-62A666158E7B} = {DD2D8FD6-63A1-402E-8657-672266FF8A9D}
		{62295217-81B9-4CFC-91BE-EFBC7AE9EFF1} = {DD2D8FD6-63A1-402E-8657-672266FF8A9D}
		{97157A51-A3EE-4BEF-8B50-09DB3618FACA} = {2E036B60-BA0A-4954-91BE-8138C2F37EC6}
		{EBA6585E-7AA3-4B74-B1B7-067F904EDEE1} = {2E036B60-BA0A-4954-91BE-8138C2F37EC6}
		{427E2DBB-7E6A-4108-B88E-F4BFF95A9DBD} = {2E036B60-BA0A-4954-91BE-8138C2F37EC6}
		{DD424AF0-D3DA-4EDE-93A7-C07DEDFE0A25} = {C437BA38-AE87-40E0-954F-5B1BED8023F5}
		{FFB7B8A6-B71F-4A00-8961-BC23B380D2B0} = {C437BA38-AE87-40E0-954F-5B1BED8023F5}
		{54E02201-B2FE-4483-B7E0-44AA577E552C} = {C437BA38-AE87-40E0-954F-5B1BED8023F5}
		{D5664849-5F78-4189-88A9-F9FE244EFD12} = {58659FBF-5ABD-4D53-BCBA-C9C68D362E56}
		{5241824F-384F-4742-8D27-AEA9EB665231} = {58659FBF-5ABD-4D53-BCBA-C9C68D362E56}
		{C63BC167-5500-4E80-AEE7-2F838D9A4F0E} = {58659FBF-5ABD-4D53-BCBA-C9C68D362E56}
		{EB75D93A-BEC2-4B98-91BD-E244647BB1CC} = {33FAA592-F0FB-46F0-B8AF-0137EEA8261F}
		{1FB02B0A-C31C-4987-BD09-0572FCEC8AE0} = {33FAA592-F0FB-46F0-B8AF-0137EEA8261F}
		{125EE8F8-07FB-4E70-B530-FD31082D6631} = {33FAA592-F0FB-46F0-B8AF-0137EEA8261F}
		{5E7CB46B-E1A0-459E-99AD-F055185777C9} = {83052D8D-1440-4A94-B325-9D980DCB7EA7}
		{FFD23741-9483-4CC9-B434-784AEA8B6C48} = {83052D8D-1440-4A94-B325-9D980DCB7EA7}
		{F9223491-EF8E-4CA1-9028-888CF1DDF2D4} = {83052D8D-1440-4A94-B325-9D980DCB7EA7}
		{367F60F6-E769-4B77-9B85-7AD7C69E4C93} = {503F00DC-77B6-43AA-AF72-A62C63219548}
		{CF89EEF4-816D-4789-BB7B-C7BBB00F647A} = {503F00DC-77B6-43AA-AF72-A62C63219548}
		{400B8BE4-0FCE-405B-ABE4-6E29BBCCD315} = {503F00DC-77B6-43AA-AF72-A62C63219548}
		{64A3CFCF-3910-4F1D-B53E-B9765A4FF040} = {309D0CD1-5921-4A82-AA61-B94622E81395}
		{EEAF53B8-C1BF-4DAD-8105-54D7CBD91949} = {309D0CD1-5921-4A82-AA61-B94622E81395}
		{713D4802-013B-4F81-9569-3DE7456AD403} = {309D0CD1-5921-4A82-AA61-B94622E81395}
		{AFC0C28A-4D5F-45A9-AF8F-14F6D0E7821E} = {4A21F242-E7B1-4CCB-901E-8DE69D9C1150}
		{851B068A-127C-4B35-8CF1-0AE942F96C91} = {4A21F242-E7B1-4CCB-901E-8DE69D9C1150}
		{F6F3F904-C6BB-42FF-B6D9-7D0971A56C5B} = {4A21F242-E7B1-4CCB-901E-8DE69D9C1150}
		{330C969B-260C-48D5-B743-4CBADE86F938} = {3ABB4614-CACD-4AA6-B1B0-5A6A02E7EA5C}
		{5735FF6F-4C32-4655-86B8-81688CDAFF2D} = {3ABB4614-CACD-4AA6-B1B0-5A6A02E7EA5C}
		{71D99FD1-1745-4487-9954-E35E97651984} = {3ABB4614-CACD-4AA6-B1B0-5A6A02E7EA5C}
	EndGlobalSection
	GlobalSection(ExtensibilityGlobals) = postSolution
		SolutionGuid = {EF9B1902-3ABB-405A-A034-654DBF0417E6}
	EndGlobalSection
EndGlobal
